
Microsoft Visual Studio Solution File, Format Version 12.00
# Visual Studio Version 17
VisualStudioVersion = 17.0.31903.59
MinimumVisualStudioVersion = 10.0.40219.1
Project("{9A19103F-16F7-4668-BE54-9A1E7A4F7556}") = "Cliesta.Testing", "Cliesta.Testing\Cliesta.Testing.csproj", "{988BDB0A-5FCF-421B-8C32-CE97B450CBAF}"
EndProject
Project("{9A19103F-16F7-4668-BE54-9A1E7A4F7556}") = "Cliesta.WinForms", "Cliesta.WinForms\Cliesta.WinForms.csproj", "{F231D045-10F7-47FB-8B54-28AF55224DE6}"
EndProject
Project("{9A19103F-16F7-4668-BE54-9A1E7A4F7556}") = "Cliesta", "Cliesta\Cliesta.csproj", "{640E80FD-9932-4E28-9C48-A2EF7E8BA4EB}"
EndProject
Global
	GlobalSection(SolutionConfigurationPlatforms) = preSolution
		Debug|Any CPU = Debug|Any CPU
		Release|Any CPU = Release|Any CPU
	EndGlobalSection
	GlobalSection(ProjectConfigurationPlatforms) = postSolution
		{988BDB0A-5FCF-421B-8C32-CE97B450CBAF}.Debug|Any CPU.ActiveCfg = Debug|Any CPU
		{988BDB0A-5FCF-421B-8C32-CE97B450CBAF}.Debug|Any CPU.Build.0 = Debug|Any CPU
		{988BDB0A-5FCF-421B-8C32-CE97B450CBAF}.Release|Any CPU.ActiveCfg = Release|Any CPU
		{988BDB0A-5FCF-421B-8C32-CE97B450CBAF}.Release|Any CPU.Build.0 = Release|Any CPU
		{F231D045-10F7-47FB-8B54-28AF55224DE6}.Debug|Any CPU.ActiveCfg = Debug|Any CPU
		{F231D045-10F7-47FB-8B54-28AF55224DE6}.Debug|Any CPU.Build.0 = Debug|Any CPU
		{F231D045-10F7-47FB-8B54-28AF55224DE6}.Release|Any CPU.ActiveCfg = Release|Any CPU
		{F231D045-10F7-47FB-8B54-28AF55224DE6}.Release|Any CPU.Build.0 = Release|Any CPU
		{640E80FD-9932-4E28-9C48-A2EF7E8BA4EB}.Debug|Any CPU.ActiveCfg = Debug|Any CPU
		{640E80FD-9932-4E28-9C48-A2EF7E8BA4EB}.Debug|Any CPU.Build.0 = Debug|Any CPU
		{640E80FD-9932-4E28-9C48-A2EF7E8BA4EB}.Release|Any CPU.ActiveCfg = Release|Any CPU
		{640E80FD-9932-4E28-9C48-A2EF7E8BA4EB}.Release|Any CPU.Build.0 = Release|Any CPU
	EndGlobalSection
	GlobalSection(SolutionProperties) = preSolution
		HideSolutionNode = FALSE
	EndGlobalSection
	GlobalSection(ExtensibilityGlobals) = postSolution
		SolutionGuid = {0770DD3D-1E82-4D3F-9E19-04D9AABEB7C4}
	EndGlobalSection
EndGlobal
